Microsoft Visual Studio Solution File, Format Version 11.00
# Visual Studio 2008

Project("{763221B8-EB2F-9A25-C60E-BA19C58007C0}") = "BridgeProject", "Assembly-CSharp.csproj", "{011B3A74-44F4-65FC-C1B2-04C0A2C04B54}"
EndProject
Global
	GlobalSection(SolutionConfigurationPlatforms) = preSolution
		Debug|Any CPU = Debug|Any CPU
		Release|Any CPU = Release|Any CPU
	EndGlobalSection
	GlobalSection(ProjectConfigurationPlatforms) = postSolution
		{011B3A74-44F4-65FC-C1B2-04C0A2C04B54}.Debug|Any CPU.ActiveCfg = Debug|Any CPU
		{011B3A74-44F4-65FC-C1B2-04C0A2C04B54}.Debug|Any CPU.Build.0 = Debug|Any CPU
		{011B3A74-44F4-65FC-C1B2-04C0A2C04B54}.Release|Any CPU.ActiveCfg = Release|Any CPU
		{011B3A74-44F4-65FC-C1B2-04C0A2C04B54}.Release|Any CPU.Build.0 = Release|Any CPU
	EndGlobalSection
	GlobalSection(SolutionProperties) = preSolution
		HideSolutionNode = FALSE
	EndGlobalSection
	GlobalSection(MonoDevelopProperties) = preSolution
		StartupItem = Assembly-CSharp.csproj
	EndGlobalSection
EndGlobal
